
Microsoft Visual Studio Solution File, Format Version 12.00
# Visual Studio Version 17
VisualStudioVersion = 17.7.34018.315
MinimumVisualStudioVersion = 10.0.40219.1
Project("{8BC9CEB8-8B4A-11D0-8D11-00A0C91BC942}") = "Winsock", "Winsock\Winsock.vcxproj", "{BA1DE56E-F0EA-4430-B2DF-2F166B16E970}"
EndProject
Global
	GlobalSection(SolutionConfigurationPlatforms) = preSolution
		Debug|x64 = Debug|x64
		Debug|x86 = Debug|x86
		Release|x64 = Release|x64
		Release|x86 = Release|x86
	EndGlobalSection
	GlobalSection(ProjectConfigurationPlatforms) = postSolution
		{BA1DE56E-F0EA-4430-B2DF-2F166B16E970}.Debug|x64.ActiveCfg = Debug|x64
		{BA1DE56E-F0EA-4430-B2DF-2F166B16E970}.Debug|x64.Build.0 = Debug|x64
		{BA1DE56E-F0EA-4430-B2DF-2F166B16E970}.Debug|x86.ActiveCfg = Debug|Win32
		{BA1DE56E-F0EA-4430-B2DF-2F166B16E970}.Debug|x86.Build.0 = Debug|Win32
		{BA1DE56E-F0EA-4430-B2DF-2F166B16E970}.Release|x64.ActiveCfg = Release|x64
		{BA1DE56E-F0EA-4430-B2DF-2F166B16E970}.Release|x64.Build.0 = Release|x64
		{BA1DE56E-F0EA-4430-B2DF-2F166B16E970}.Release|x86.ActiveCfg = Release|Win32
		{BA1DE56E-F0EA-4430-B2DF-2F166B16E970}.Release|x86.Build.0 = Release|Win32
	EndGlobalSection
	GlobalSection(SolutionProperties) = preSolution
		HideSolutionNode = FALSE
	EndGlobalSection
	GlobalSection(ExtensibilityGlobals) = postSolution
		SolutionGuid = {539EE138-259C-4113-B524-D413634230E5}
	EndGlobalSection
EndGlobal
